{
  "pins" : [
    {
      "identity" : "swoircore",
      "kind" : "remoteSourceControl",
      "location" : "https://github.com/Swoir/SwoirCore.git",
      "state" : {
        "revision" : "8f1f53bde28494b38dc3632d272295da1e6ae970",
        "version" : "0.6.0"
      }
    }
  ],
  "version" : 2
}
