{
  "pins" : [
    {
      "identity" : "swoircore",
      "kind" : "remoteSourceControl",
      "location" : "https://github.com/Swoir/SwoirCore.git",
      "state" : {
        "revision" : "35ce7e734bedca50b4266a0e9a64f57187891c46",
        "version" : "0.9.0"
      }
    }
  ],
  "version" : 2
}
